
Microsoft Visual Studio Solution File, Format Version 12.00
# Visual Studio Version 17
VisualStudioVersion = 17.5.33516.290
MinimumVisualStudioVersion = 10.0.40219.1
Project("{9A19103F-16F7-4668-BE54-9A1E7A4F7556}") = "ECM.Api", "ECM.Api\ECM.Api.csproj", "{71E46391-C065-41DF-9051-902BA46ABFB0}"
EndProject
Project("{9A19103F-16F7-4668-BE54-9A1E7A4F7556}") = "ECM.Repo", "ECM.Repo\ECM.Repo.csproj", "{BBAE33ED-993B-455E-8222-DFCA4591CDA2}"
EndProject
Project("{E53339B2-1760-4266-BCC7-CA923CBCF16C}") = "docker-compose", "docker-compose.dcproj", "{47C499ED-B3E3-42F0-833A-DD4439C673FA}"
EndProject
Global
	GlobalSection(SolutionConfigurationPlatforms) = preSolution
		Debug|Any CPU = Debug|Any CPU
		Release|Any CPU = Release|Any CPU
	EndGlobalSection
	GlobalSection(ProjectConfigurationPlatforms) = postSolution
		{71E46391-C065-41DF-9051-902BA46ABFB0}.Debug|Any CPU.ActiveCfg = Debug|Any CPU
		{71E46391-C065-41DF-9051-902BA46ABFB0}.Debug|Any CPU.Build.0 = Debug|Any CPU
		{71E46391-C065-41DF-9051-902BA46ABFB0}.Release|Any CPU.ActiveCfg = Release|Any CPU
		{71E46391-C065-41DF-9051-902BA46ABFB0}.Release|Any CPU.Build.0 = Release|Any CPU
		{BBAE33ED-993B-455E-8222-DFCA4591CDA2}.Debug|Any CPU.ActiveCfg = Debug|Any CPU
		{BBAE33ED-993B-455E-8222-DFCA4591CDA2}.Debug|Any CPU.Build.0 = Debug|Any CPU
		{BBAE33ED-993B-455E-8222-DFCA4591CDA2}.Release|Any CPU.ActiveCfg = Release|Any CPU
		{BBAE33ED-993B-455E-8222-DFCA4591CDA2}.Release|Any CPU.Build.0 = Release|Any CPU
		{47C499ED-B3E3-42F0-833A-DD4439C673FA}.Debug|Any CPU.ActiveCfg = Debug|Any CPU
		{47C499ED-B3E3-42F0-833A-DD4439C673FA}.Debug|Any CPU.Build.0 = Debug|Any CPU
		{47C499ED-B3E3-42F0-833A-DD4439C673FA}.Release|Any CPU.ActiveCfg = Release|Any CPU
		{47C499ED-B3E3-42F0-833A-DD4439C673FA}.Release|Any CPU.Build.0 = Release|Any CPU
	EndGlobalSection
	GlobalSection(SolutionProperties) = preSolution
		HideSolutionNode = FALSE
	EndGlobalSection
	GlobalSection(ExtensibilityGlobals) = postSolution
		SolutionGuid = {6EB8BE2E-8648-4D55-BFD5-10CC47CA4878}
	EndGlobalSection
EndGlobal
